
Microsoft Visual Studio Solution File, Format Version 12.00
# Visual Studio 15
VisualStudioVersion = 15.0.26430.16
MinimumVisualStudioVersion = 10.0.40219.1
Project("{2150E333-8FDC-42A3-9474-1A3956D46DE8}") = "CSharp", "CSharp", "{32920DB2-134A-42D7-92AC-62879B219FA7}"
EndProject
Project("{2150E333-8FDC-42A3-9474-1A3956D46DE8}") = "DeskTop", "DeskTop", "{E89DBC1A-6347-4F54-82B4-DEAE610B9886}"
EndProject
Project("{2150E333-8FDC-42A3-9474-1A3956D46DE8}") = "Web", "Web", "{D8D065AF-073F-4814-9290-03FF8EF7CF8A}"
EndProject
Project("{2150E333-8FDC-42A3-9474-1A3956D46DE8}") = "Other", "Other", "{BE9AA0D8-0DB8-4FC2-B6CA-7F988C76DDFA}"
EndProject
Project("{FAE04EC0-301F-11D3-BF4B-00C04F79EFBC}") = "ConsoleLogin", "CSharp\ConsoleLogin\ConsoleLogin.csproj", "{12509514-B1D0-4F24-B975-ABDF3F3BB2BE}"
EndProject
Project("{FAE04EC0-301F-11D3-BF4B-00C04F79EFBC}") = "ConsoleGobang", "CSharp\ConsoleGobang\ConsoleGobang.csproj", "{A5BAE9D1-4259-43DA-B80F-4A5961A94753}"
EndProject
Project("{FAE04EC0-301F-11D3-BF4B-00C04F79EFBC}") = "ConsoleGreedySnake", "CSharp\ConsoleGreedySnake\ConsoleGreedySnake.csproj", "{DBC53DAC-7EE6-452E-8105-8EF249E30BBD}"
EndProject
Project("{FAE04EC0-301F-11D3-BF4B-00C04F79EFBC}") = "ConsolePiano", "CSharp\ConsolePiano\ConsolePiano.csproj", "{6A121630-169D-4AD8-A8C8-DD24A002836B}"
EndProject
Project("{2150E333-8FDC-42A3-9474-1A3956D46DE8}") = "聊天程序", "聊天程序", "{8A435DBD-ECA4-4592-8EC5-2AA78D7D2655}"
EndProject
Project("{FAE04EC0-301F-11D3-BF4B-00C04F79EFBC}") = "ConsoleCodeCount", "CSharp\ConsoleFileQuery\ConsoleCodeCount.csproj", "{7C2993E6-A899-4145-8D4E-AC981CDBB942}"
EndProject
Project("{FAE04EC0-301F-11D3-BF4B-00C04F79EFBC}") = "ConsoleVCardManagement", "CSharp\ConsoleVCard\ConsoleVCardManagement.csproj", "{EC8C5566-9935-493A-951D-7AED0DF0C80B}"
EndProject
Project("{FAE04EC0-301F-11D3-BF4B-00C04F79EFBC}") = "ConsoleVendingMachine", "CSharp\ConsoleVendingMachine\ConsoleVendingMachine.csproj", "{9D99BDAA-4EB1-47B2-A470-2AE691135059}"
EndProject
Project("{FAE04EC0-301F-11D3-BF4B-00C04F79EFBC}") = "Client", "CSharp\聊天程序\Client\Client.csproj", "{7485B284-E289-4AF0-BA87-692CAC1E92E7}"
EndProject
Project("{FAE04EC0-301F-11D3-BF4B-00C04F79EFBC}") = "Server", "CSharp\聊天程序\Server\Server.csproj", "{A8F3516A-A7CA-4359-BB9D-FD9D8D96A5D3}"
EndProject
Project("{FAE04EC0-301F-11D3-BF4B-00C04F79EFBC}") = "Common", "CSharp\聊天程序\Common\Common.csproj", "{CF74E71C-DB63-4FFF-9F7F-0E6D456C338E}"
EndProject
Project("{2150E333-8FDC-42A3-9474-1A3956D46DE8}") = "文档", "文档", "{87E8BD44-7CE9-4943-8362-20EFAC7D6091}"
	ProjectSection(SolutionItems) = preProject
		CSharp\聊天程序\文档\案例说明.txt = CSharp\聊天程序\文档\案例说明.txt
	EndProjectSection
EndProject
Project("{FAE04EC0-301F-11D3-BF4B-00C04F79EFBC}") = "ConsoleReader", "CSharp\ConsoleReader\ConsoleReader.csproj", "{51319146-3F89-497B-9E74-6BA759E29CA8}"
EndProject
Project("{FAE04EC0-301F-11D3-BF4B-00C04F79EFBC}") = "ConsoleDiary", "CSharp\ConsoleDiary\ConsoleDiary.csproj", "{C3906260-742C-4AB2-B3C3-7C48FEB560A4}"
EndProject
Project("{2150E333-8FDC-42A3-9474-1A3956D46DE8}") = "asp.net core", "asp.net core", "{5E9D9D36-A077-4F91-AA2B-68FA0156C56D}"
EndProject
Project("{2150E333-8FDC-42A3-9474-1A3956D46DE8}") = "asp.net mvc", "asp.net mvc", "{7996F428-0563-406F-A512-3154BE0860CF}"
EndProject
Project("{2150E333-8FDC-42A3-9474-1A3956D46DE8}") = "RabbitMQ_Log", "RabbitMQ_Log", "{87FABE1F-EAD7-45C4-B123-69CDB72D372F}"
EndProject
Project("{9A19103F-16F7-4668-BE54-9A1E7A4F7556}") = "DistributedLog", "Web\asp.net core\RabbitMQ_Log\DistributedLog\DistributedLog.csproj", "{708AD335-1E64-4B9B-AC5A-52DEA8FCF938}"
EndProject
Project("{9A19103F-16F7-4668-BE54-9A1E7A4F7556}") = "DistributedLogWriter", "Web\asp.net core\RabbitMQ_Log\DistributedLogWriter\DistributedLogWriter.csproj", "{72468BBC-5836-4C12-A350-6C063DD82771}"
EndProject
Project("{2150E333-8FDC-42A3-9474-1A3956D46DE8}") = "文档", "文档", "{E4863922-1445-4847-8F9E-337A5B8A93C2}"
	ProjectSection(SolutionItems) = preProject
		Web\asp.net core\RabbitMQ_Log\文档\案例说明.txt = Web\asp.net core\RabbitMQ_Log\文档\案例说明.txt
	EndProjectSection
EndProject
Project("{2150E333-8FDC-42A3-9474-1A3956D46DE8}") = "SimpleAccountBook", "SimpleAccountBook", "{5574FD84-69FE-4FEF-9F4A-A40010E047EF}"
EndProject
Project("{FAE04EC0-301F-11D3-BF4B-00C04F79EFBC}") = "SimpleAccountBook", "DeskTop\SimpleAccountBook\SimpleAccountBook.csproj", "{D3F5EB3D-2708-4AB3-B6AF-303237EB4B28}"
EndProject
Project("{2150E333-8FDC-42A3-9474-1A3956D46DE8}") = "ClubWebSite", "ClubWebSite", "{ACAE713E-DCAC-42E6-8CD2-7FFF5F00F5E9}"
EndProject
Project("{9A19103F-16F7-4668-BE54-9A1E7A4F7556}") = "ClubWebSite", "Web\asp.net core\ClubWebSite\ClubWebSite\ClubWebSite.csproj", "{E452E684-69AD-4873-9B2E-F5F59E36A150}"
EndProject
Project("{9A19103F-16F7-4668-BE54-9A1E7A4F7556}") = "UEditorNetCore", "Web\asp.net core\ClubWebSite\UEditorNetCore\UEditorNetCore.csproj", "{67C9B264-5D64-4107-8D69-C27710E6B20F}"
EndProject
Project("{2150E333-8FDC-42A3-9474-1A3956D46DE8}") = "文档", "文档", "{AD1D126C-2368-43B1-B3B9-DCFBCD563AEF}"
	ProjectSection(SolutionItems) = preProject
		Web\asp.net core\ClubWebSite\文档\案例说明.docx = Web\asp.net core\ClubWebSite\文档\案例说明.docx
	EndProjectSection
EndProject
Project("{2150E333-8FDC-42A3-9474-1A3956D46DE8}") = "文档", "文档", "{28FE0DFF-8E01-4E44-A756-A307FDA8D77B}"
	ProjectSection(SolutionItems) = preProject
		DeskTop\SimpleAccountBook\文档\案例说明.docx = DeskTop\SimpleAccountBook\文档\案例说明.docx
	EndProjectSection
EndProject
Project("{2150E333-8FDC-42A3-9474-1A3956D46DE8}") = "FlashLight", "FlashLight", "{98722963-7276-488A-A586-C48D53791189}"
EndProject
Project("{FAE04EC0-301F-11D3-BF4B-00C04F79EFBC}") = "Android_FlashLight", "Other\FlashLight\Android_FlashLight\Android_FlashLight.csproj", "{4F61ED65-360E-474F-A94B-E22CFA22EFE9}"
EndProject
Project("{FAE04EC0-301F-11D3-BF4B-00C04F79EFBC}") = "IOS_FlashLight", "Other\FlashLight\IOS_FlashLight\IOS_FlashLight.csproj", "{9C7F7AE7-04BB-4A4E-8980-DFEA8F9CF787}"
EndProject
Project("{2150E333-8FDC-42A3-9474-1A3956D46DE8}") = "Chat", "Chat", "{D6093D6C-C701-4FD1-A44B-03DE5BB926E9}"
EndProject
Project("{FAE04EC0-301F-11D3-BF4B-00C04F79EFBC}") = "Client", "DeskTop\Chat\Client\Client\Client.csproj", "{9B25928C-1168-46A5-9535-A424DEE59805}"
EndProject
Project("{FAE04EC0-301F-11D3-BF4B-00C04F79EFBC}") = "Package", "DeskTop\Chat\Package\Package\Package.csproj", "{2B9C2128-7E03-4B2C-B097-4FC0682D3184}"
EndProject
Project("{FAE04EC0-301F-11D3-BF4B-00C04F79EFBC}") = "Server", "DeskTop\Chat\Server\Server\Server.csproj", "{5BBBFDA6-E3F8-4A63-A0AC-B0610542EA00}"
EndProject
Project("{2150E333-8FDC-42A3-9474-1A3956D46DE8}") = "文档", "文档", "{68F3D364-81BE-41E5-9C49-64D01C3C0EA1}"
	ProjectSection(SolutionItems) = preProject
		DeskTop\Chat\文档\案例说明.txt = DeskTop\Chat\文档\案例说明.txt
	EndProjectSection
EndProject
Project("{2150E333-8FDC-42A3-9474-1A3956D46DE8}") = "文档", "文档", "{22ADCAC5-E1F7-4107-B973-166A840C406D}"
	ProjectSection(SolutionItems) = preProject
		Other\FlashLight\文档\案例说明.txt = Other\FlashLight\文档\案例说明.txt
	EndProjectSection
EndProject
Project("{2150E333-8FDC-42A3-9474-1A3956D46DE8}") = "SQLTrace", "SQLTrace", "{96707C27-5BF5-4EE7-B76C-19B2C5CAA2C4}"
EndProject
Project("{2150E333-8FDC-42A3-9474-1A3956D46DE8}") = "文档", "文档", "{EB52C8C9-1F25-4AB5-80DC-9CBDAB5FD8A2}"
	ProjectSection(SolutionItems) = preProject
		DeskTop\SQLTrace\文档\SQL跟踪使用文档.docx = DeskTop\SQLTrace\文档\SQL跟踪使用文档.docx
		DeskTop\SQLTrace\文档\SQL跟踪开发文档.docx = DeskTop\SQLTrace\文档\SQL跟踪开发文档.docx
	EndProjectSection
EndProject
Project("{FAE04EC0-301F-11D3-BF4B-00C04F79EFBC}") = "SyntaxTextBox", "DeskTop\SQLTrace\SyntaxTextBox\SyntaxTextBox.csproj", "{93EC5C55-84BB-4FA4-8599-A6C85841E982}"
EndProject
Project("{FAE04EC0-301F-11D3-BF4B-00C04F79EFBC}") = "SqlServerTools", "DeskTop\SQLTrace\SqlServerTools\SqlServerTools.csproj", "{E4D68A3B-E966-4ECE-A39F-834342826A75}"
EndProject
Project("{FAE04EC0-301F-11D3-BF4B-00C04F79EFBC}") = "SQLTrace", "DeskTop\SQLTrace\SQLTrace\SQLTrace.csproj", "{FB3B337B-31A7-4C21-B8E2-ED9469B73ECC}"
EndProject
Project("{2150E333-8FDC-42A3-9474-1A3956D46DE8}") = "ProjectView", "ProjectView", "{7D82006B-F031-4FDE-B211-9F0B9E59F865}"
EndProject
Project("{FAE04EC0-301F-11D3-BF4B-00C04F79EFBC}") = "ProjectView", "Web\asp.net mvc\ProjectView\ProjectView\ProjectView\ProjectView.csproj", "{C74EE696-624B-4625-85F0-D39505183030}"
EndProject
Project("{2150E333-8FDC-42A3-9474-1A3956D46DE8}") = "文档", "文档", "{7A2FCC84-7510-4E92-B862-0EF78B80A5B0}"
	ProjectSection(SolutionItems) = preProject
		Web\asp.net mvc\ProjectView\文档\数据库.docx = Web\asp.net mvc\ProjectView\文档\数据库.docx
	EndProjectSection
EndProject
Project("{2150E333-8FDC-42A3-9474-1A3956D46DE8}") = "NUnit", "NUnit", "{B8CAE8E5-5727-4DA4-8442-422BBCCFF58B}"
EndProject
Project("{FAE04EC0-301F-11D3-BF4B-00C04F79EFBC}") = "NUnit.TestCalculatorManagement", "CSharp\NUnite\NUnit.TestConsoleNUnit\NUnit.TestCalculatorManagement.csproj", "{8EDF4429-251A-416D-BB68-93F227191BCF}"
EndProject
Project("{FAE04EC0-301F-11D3-BF4B-00C04F79EFBC}") = "CalculatorManagement", "CSharp\NUnite\CalculatorManagement\CalculatorManagement.csproj", "{32039B8F-BD9A-427D-9AD1-82A1EEE30585}"
EndProject
Project("{2150E333-8FDC-42A3-9474-1A3956D46DE8}") = "文档", "文档", "{B8A92E17-5E2C-4D5A-A1EE-CF5E0FBFD640}"
	ProjectSection(SolutionItems) = preProject
		CSharp\NUnite\文档\案例说明.txt = CSharp\NUnite\文档\案例说明.txt
	EndProjectSection
EndProject
Project("{2150E333-8FDC-42A3-9474-1A3956D46DE8}") = "TestManage", "TestManage", "{77F4BA8D-AD10-4C4F-B4C6-8FA437956563}"
EndProject
Project("{FAE04EC0-301F-11D3-BF4B-00C04F79EFBC}") = "TestManage", "DeskTop\TestManage\TestManage\TestManage.csproj", "{FC5A5E07-E9C8-40E9-B443-53DBB98F7F57}"
EndProject
Project("{FAE04EC0-301F-11D3-BF4B-00C04F79EFBC}") = "TestManage.UnitTest", "DeskTop\TestManage\TestManage.UnitTest\TestManage.UnitTest.csproj", "{4D3A94BC-0EBF-439F-83F7-642B144A30EB}"
EndProject
Global
	GlobalSection(SolutionConfigurationPlatforms) = preSolution
		Debug|Any CPU = Debug|Any CPU
		Debug|iPhone = Debug|iPhone
		Debug|iPhoneSimulator = Debug|iPhoneSimulator
		Release|Any CPU = Release|Any CPU
		Release|iPhone = Release|iPhone
		Release|iPhoneSimulator = Release|iPhoneSimulator
	EndGlobalSection
	GlobalSection(ProjectConfigurationPlatforms) = postSolution
		{12509514-B1D0-4F24-B975-ABDF3F3BB2BE}.Debug|Any CPU.ActiveCfg = Debug|Any CPU
		{12509514-B1D0-4F24-B975-ABDF3F3BB2BE}.Debug|Any CPU.Build.0 = Debug|Any CPU
		{12509514-B1D0-4F24-B975-ABDF3F3BB2BE}.Debug|iPhone.ActiveCfg = Debug|Any CPU
		{12509514-B1D0-4F24-B975-ABDF3F3BB2BE}.Debug|iPhone.Build.0 = Debug|Any CPU
		{12509514-B1D0-4F24-B975-ABDF3F3BB2BE}.Debug|iPhoneSimulator.ActiveCfg = Debug|Any CPU
		{12509514-B1D0-4F24-B975-ABDF3F3BB2BE}.Debug|iPhoneSimulator.Build.0 = Debug|Any CPU
		{12509514-B1D0-4F24-B975-ABDF3F3BB2BE}.Release|Any CPU.ActiveCfg = Release|Any CPU
		{12509514-B1D0-4F24-B975-ABDF3F3BB2BE}.Release|Any CPU.Build.0 = Release|Any CPU
		{12509514-B1D0-4F24-B975-ABDF3F3BB2BE}.Release|iPhone.ActiveCfg = Release|Any CPU
		{12509514-B1D0-4F24-B975-ABDF3F3BB2BE}.Release|iPhone.Build.0 = Release|Any CPU
		{12509514-B1D0-4F24-B975-ABDF3F3BB2BE}.Release|iPhoneSimulator.ActiveCfg = Release|Any CPU
		{12509514-B1D0-4F24-B975-ABDF3F3BB2BE}.Release|iPhoneSimulator.Build.0 = Release|Any CPU
		{A5BAE9D1-4259-43DA-B80F-4A5961A94753}.Debug|Any CPU.ActiveCfg = Debug|Any CPU
		{A5BAE9D1-4259-43DA-B80F-4A5961A94753}.Debug|Any CPU.Build.0 = Debug|Any CPU
		{A5BAE9D1-4259-43DA-B80F-4A5961A94753}.Debug|iPhone.ActiveCfg = Debug|Any CPU
		{A5BAE9D1-4259-43DA-B80F-4A5961A94753}.Debug|iPhone.Build.0 = Debug|Any CPU
		{A5BAE9D1-4259-43DA-B80F-4A5961A94753}.Debug|iPhoneSimulator.ActiveCfg = Debug|Any CPU
		{A5BAE9D1-4259-43DA-B80F-4A5961A94753}.Debug|iPhoneSimulator.Build.0 = Debug|Any CPU
		{A5BAE9D1-4259-43DA-B80F-4A5961A94753}.Release|Any CPU.ActiveCfg = Release|Any CPU
		{A5BAE9D1-4259-43DA-B80F-4A5961A94753}.Release|Any CPU.Build.0 = Release|Any CPU
		{A5BAE9D1-4259-43DA-B80F-4A5961A94753}.Release|iPhone.ActiveCfg = Release|Any CPU
		{A5BAE9D1-4259-43DA-B80F-4A5961A94753}.Release|iPhone.Build.0 = Release|Any CPU
		{A5BAE9D1-4259-43DA-B80F-4A5961A94753}.Release|iPhoneSimulator.ActiveCfg = Release|Any CPU
		{A5BAE9D1-4259-43DA-B80F-4A5961A94753}.Release|iPhoneSimulator.Build.0 = Release|Any CPU
		{DBC53DAC-7EE6-452E-8105-8EF249E30BBD}.Debug|Any CPU.ActiveCfg = Debug|Any CPU
		{DBC53DAC-7EE6-452E-8105-8EF249E30BBD}.Debug|Any CPU.Build.0 = Debug|Any CPU
		{DBC53DAC-7EE6-452E-8105-8EF249E30BBD}.Debug|iPhone.ActiveCfg = Debug|Any CPU
		{DBC53DAC-7EE6-452E-8105-8EF249E30BBD}.Debug|iPhone.Build.0 = Debug|Any CPU
		{DBC53DAC-7EE6-452E-8105-8EF249E30BBD}.Debug|iPhoneSimulator.ActiveCfg = Debug|Any CPU
		{DBC53DAC-7EE6-452E-8105-8EF249E30BBD}.Debug|iPhoneSimulator.Build.0 = Debug|Any CPU
		{DBC53DAC-7EE6-452E-8105-8EF249E30BBD}.Release|Any CPU.ActiveCfg = Release|Any CPU
		{DBC53DAC-7EE6-452E-8105-8EF249E30BBD}.Release|Any CPU.Build.0 = Release|Any CPU
		{DBC53DAC-7EE6-452E-8105-8EF249E30BBD}.Release|iPhone.ActiveCfg = Release|Any CPU
		{DBC53DAC-7EE6-452E-8105-8EF249E30BBD}.Release|iPhone.Build.0 = Release|Any CPU
		{DBC53DAC-7EE6-452E-8105-8EF249E30BBD}.Release|iPhoneSimulator.ActiveCfg = Release|Any CPU
		{DBC53DAC-7EE6-452E-8105-8EF249E30BBD}.Release|iPhoneSimulator.Build.0 = Release|Any CPU
		{6A121630-169D-4AD8-A8C8-DD24A002836B}.Debug|Any CPU.ActiveCfg = Debug|Any CPU
		{6A121630-169D-4AD8-A8C8-DD24A002836B}.Debug|Any CPU.Build.0 = Debug|Any CPU
		{6A121630-169D-4AD8-A8C8-DD24A002836B}.Debug|iPhone.ActiveCfg = Debug|Any CPU
		{6A121630-169D-4AD8-A8C8-DD24A002836B}.Debug|iPhone.Build.0 = Debug|Any CPU
		{6A121630-169D-4AD8-A8C8-DD24A002836B}.Debug|iPhoneSimulator.ActiveCfg = Debug|Any CPU
		{6A121630-169D-4AD8-A8C8-DD24A002836B}.Debug|iPhoneSimulator.Build.0 = Debug|Any CPU
		{6A121630-169D-4AD8-A8C8-DD24A002836B}.Release|Any CPU.ActiveCfg = Release|Any CPU
		{6A121630-169D-4AD8-A8C8-DD24A002836B}.Release|Any CPU.Build.0 = Release|Any CPU
		{6A121630-169D-4AD8-A8C8-DD24A002836B}.Release|iPhone.ActiveCfg = Release|Any CPU
		{6A121630-169D-4AD8-A8C8-DD24A002836B}.Release|iPhone.Build.0 = Release|Any CPU
		{6A121630-169D-4AD8-A8C8-DD24A002836B}.Release|iPhoneSimulator.ActiveCfg = Release|Any CPU
		{6A121630-169D-4AD8-A8C8-DD24A002836B}.Release|iPhoneSimulator.Build.0 = Release|Any CPU
		{7C2993E6-A899-4145-8D4E-AC981CDBB942}.Debug|Any CPU.ActiveCfg = Debug|Any CPU
		{7C2993E6-A899-4145-8D4E-AC981CDBB942}.Debug|Any CPU.Build.0 = Debug|Any CPU
		{7C2993E6-A899-4145-8D4E-AC981CDBB942}.Debug|iPhone.ActiveCfg = Debug|Any CPU
		{7C2993E6-A899-4145-8D4E-AC981CDBB942}.Debug|iPhone.Build.0 = Debug|Any CPU
		{7C2993E6-A899-4145-8D4E-AC981CDBB942}.Debug|iPhoneSimulator.ActiveCfg = Debug|Any CPU
		{7C2993E6-A899-4145-8D4E-AC981CDBB942}.Debug|iPhoneSimulator.Build.0 = Debug|Any CPU
		{7C2993E6-A899-4145-8D4E-AC981CDBB942}.Release|Any CPU.ActiveCfg = Release|Any CPU
		{7C2993E6-A899-4145-8D4E-AC981CDBB942}.Release|Any CPU.Build.0 = Release|Any CPU
		{7C2993E6-A899-4145-8D4E-AC981CDBB942}.Release|iPhone.ActiveCfg = Release|Any CPU
		{7C2993E6-A899-4145-8D4E-AC981CDBB942}.Release|iPhone.Build.0 = Release|Any CPU
		{7C2993E6-A899-4145-8D4E-AC981CDBB942}.Release|iPhoneSimulator.ActiveCfg = Release|Any CPU
		{7C2993E6-A899-4145-8D4E-AC981CDBB942}.Release|iPhoneSimulator.Build.0 = Release|Any CPU
		{EC8C5566-9935-493A-951D-7AED0DF0C80B}.Debug|Any CPU.ActiveCfg = Debug|Any CPU
		{EC8C5566-9935-493A-951D-7AED0DF0C80B}.Debug|Any CPU.Build.0 = Debug|Any CPU
		{EC8C5566-9935-493A-951D-7AED0DF0C80B}.Debug|iPhone.ActiveCfg = Debug|Any CPU
		{EC8C5566-9935-493A-951D-7AED0DF0C80B}.Debug|iPhone.Build.0 = Debug|Any CPU
		{EC8C5566-9935-493A-951D-7AED0DF0C80B}.Debug|iPhoneSimulator.ActiveCfg = Debug|Any CPU
		{EC8C5566-9935-493A-951D-7AED0DF0C80B}.Debug|iPhoneSimulator.Build.0 = Debug|Any CPU
		{EC8C5566-9935-493A-951D-7AED0DF0C80B}.Release|Any CPU.ActiveCfg = Release|Any CPU
		{EC8C5566-9935-493A-951D-7AED0DF0C80B}.Release|Any CPU.Build.0 = Release|Any CPU
		{EC8C5566-9935-493A-951D-7AED0DF0C80B}.Release|iPhone.ActiveCfg = Release|Any CPU
		{EC8C5566-9935-493A-951D-7AED0DF0C80B}.Release|iPhone.Build.0 = Release|Any CPU
		{EC8C5566-9935-493A-951D-7AED0DF0C80B}.Release|iPhoneSimulator.ActiveCfg = Release|Any CPU
		{EC8C5566-9935-493A-951D-7AED0DF0C80B}.Release|iPhoneSimulator.Build.0 = Release|Any CPU
		{9D99BDAA-4EB1-47B2-A470-2AE691135059}.Debug|Any CPU.ActiveCfg = Debug|Any CPU
		{9D99BDAA-4EB1-47B2-A470-2AE691135059}.Debug|Any CPU.Build.0 = Debug|Any CPU
		{9D99BDAA-4EB1-47B2-A470-2AE691135059}.Debug|iPhone.ActiveCfg = Debug|Any CPU
		{9D99BDAA-4EB1-47B2-A470-2AE691135059}.Debug|iPhone.Build.0 = Debug|Any CPU
		{9D99BDAA-4EB1-47B2-A470-2AE691135059}.Debug|iPhoneSimulator.ActiveCfg = Debug|Any CPU
		{9D99BDAA-4EB1-47B2-A470-2AE691135059}.Debug|iPhoneSimulator.Build.0 = Debug|Any CPU
		{9D99BDAA-4EB1-47B2-A470-2AE691135059}.Release|Any CPU.ActiveCfg = Release|Any CPU
		{9D99BDAA-4EB1-47B2-A470-2AE691135059}.Release|Any CPU.Build.0 = Release|Any CPU
		{9D99BDAA-4EB1-47B2-A470-2AE691135059}.Release|iPhone.ActiveCfg = Release|Any CPU
		{9D99BDAA-4EB1-47B2-A470-2AE691135059}.Release|iPhone.Build.0 = Release|Any CPU
		{9D99BDAA-4EB1-47B2-A470-2AE691135059}.Release|iPhoneSimulator.ActiveCfg = Release|Any CPU
		{9D99BDAA-4EB1-47B2-A470-2AE691135059}.Release|iPhoneSimulator.Build.0 = Release|Any CPU
		{7485B284-E289-4AF0-BA87-692CAC1E92E7}.Debug|Any CPU.ActiveCfg = Debug|Any CPU
		{7485B284-E289-4AF0-BA87-692CAC1E92E7}.Debug|Any CPU.Build.0 = Debug|Any CPU
		{7485B284-E289-4AF0-BA87-692CAC1E92E7}.Debug|iPhone.ActiveCfg = Debug|Any CPU
		{7485B284-E289-4AF0-BA87-692CAC1E92E7}.Debug|iPhone.Build.0 = Debug|Any CPU
		{7485B284-E289-4AF0-BA87-692CAC1E92E7}.Debug|iPhoneSimulator.ActiveCfg = Debug|Any CPU
		{7485B284-E289-4AF0-BA87-692CAC1E92E7}.Debug|iPhoneSimulator.Build.0 = Debug|Any CPU
		{7485B284-E289-4AF0-BA87-692CAC1E92E7}.Release|Any CPU.ActiveCfg = Release|Any CPU
		{7485B284-E289-4AF0-BA87-692CAC1E92E7}.Release|Any CPU.Build.0 = Release|Any CPU
		{7485B284-E289-4AF0-BA87-692CAC1E92E7}.Release|iPhone.ActiveCfg = Release|Any CPU
		{7485B284-E289-4AF0-BA87-692CAC1E92E7}.Release|iPhone.Build.0 = Release|Any CPU
		{7485B284-E289-4AF0-BA87-692CAC1E92E7}.Release|iPhoneSimulator.ActiveCfg = Release|Any CPU
		{7485B284-E289-4AF0-BA87-692CAC1E92E7}.Release|iPhoneSimulator.Build.0 = Release|Any CPU
		{A8F3516A-A7CA-4359-BB9D-FD9D8D96A5D3}.Debug|Any CPU.ActiveCfg = Debug|Any CPU
		{A8F3516A-A7CA-4359-BB9D-FD9D8D96A5D3}.Debug|Any CPU.Build.0 = Debug|Any CPU
		{A8F3516A-A7CA-4359-BB9D-FD9D8D96A5D3}.Debug|iPhone.ActiveCfg = Debug|Any CPU
		{A8F3516A-A7CA-4359-BB9D-FD9D8D96A5D3}.Debug|iPhone.Build.0 = Debug|Any CPU
		{A8F3516A-A7CA-4359-BB9D-FD9D8D96A5D3}.Debug|iPhoneSimulator.ActiveCfg = Debug|Any CPU
		{A8F3516A-A7CA-4359-BB9D-FD9D8D96A5D3}.Debug|iPhoneSimulator.Build.0 = Debug|Any CPU
		{A8F3516A-A7CA-4359-BB9D-FD9D8D96A5D3}.Release|Any CPU.ActiveCfg = Release|Any CPU
		{A8F3516A-A7CA-4359-BB9D-FD9D8D96A5D3}.Release|Any CPU.Build.0 = Release|Any CPU
		{A8F3516A-A7CA-4359-BB9D-FD9D8D96A5D3}.Release|iPhone.ActiveCfg = Release|Any CPU
		{A8F3516A-A7CA-4359-BB9D-FD9D8D96A5D3}.Release|iPhone.Build.0 = Release|Any CPU
		{A8F3516A-A7CA-4359-BB9D-FD9D8D96A5D3}.Release|iPhoneSimulator.ActiveCfg = Release|Any CPU
		{A8F3516A-A7CA-4359-BB9D-FD9D8D96A5D3}.Release|iPhoneSimulator.Build.0 = Release|Any CPU
		{CF74E71C-DB63-4FFF-9F7F-0E6D456C338E}.Debug|Any CPU.ActiveCfg = Debug|Any CPU
		{CF74E71C-DB63-4FFF-9F7F-0E6D456C338E}.Debug|Any CPU.Build.0 = Debug|Any CPU
		{CF74E71C-DB63-4FFF-9F7F-0E6D456C338E}.Debug|iPhone.ActiveCfg = Debug|Any CPU
		{CF74E71C-DB63-4FFF-9F7F-0E6D456C338E}.Debug|iPhone.Build.0 = Debug|Any CPU
		{CF74E71C-DB63-4FFF-9F7F-0E6D456C338E}.Debug|iPhoneSimulator.ActiveCfg = Debug|Any CPU
		{CF74E71C-DB63-4FFF-9F7F-0E6D456C338E}.Debug|iPhoneSimulator.Build.0 = Debug|Any CPU
		{CF74E71C-DB63-4FFF-9F7F-0E6D456C338E}.Release|Any CPU.ActiveCfg = Release|Any CPU
		{CF74E71C-DB63-4FFF-9F7F-0E6D456C338E}.Release|Any CPU.Build.0 = Release|Any CPU
		{CF74E71C-DB63-4FFF-9F7F-0E6D456C338E}.Release|iPhone.ActiveCfg = Release|Any CPU
		{CF74E71C-DB63-4FFF-9F7F-0E6D456C338E}.Release|iPhone.Build.0 = Release|Any CPU
		{CF74E71C-DB63-4FFF-9F7F-0E6D456C338E}.Release|iPhoneSimulator.ActiveCfg = Release|Any CPU
		{CF74E71C-DB63-4FFF-9F7F-0E6D456C338E}.Release|iPhoneSimulator.Build.0 = Release|Any CPU
		{51319146-3F89-497B-9E74-6BA759E29CA8}.Debug|Any CPU.ActiveCfg = Debug|Any CPU
		{51319146-3F89-497B-9E74-6BA759E29CA8}.Debug|Any CPU.Build.0 = Debug|Any CPU
		{51319146-3F89-497B-9E74-6BA759E29CA8}.Debug|iPhone.ActiveCfg = Debug|Any CPU
		{51319146-3F89-497B-9E74-6BA759E29CA8}.Debug|iPhone.Build.0 = Debug|Any CPU
		{51319146-3F89-497B-9E74-6BA759E29CA8}.Debug|iPhoneSimulator.ActiveCfg = Debug|Any CPU
		{51319146-3F89-497B-9E74-6BA759E29CA8}.Debug|iPhoneSimulator.Build.0 = Debug|Any CPU
		{51319146-3F89-497B-9E74-6BA759E29CA8}.Release|Any CPU.ActiveCfg = Release|Any CPU
		{51319146-3F89-497B-9E74-6BA759E29CA8}.Release|Any CPU.Build.0 = Release|Any CPU
		{51319146-3F89-497B-9E74-6BA759E29CA8}.Release|iPhone.ActiveCfg = Release|Any CPU
		{51319146-3F89-497B-9E74-6BA759E29CA8}.Release|iPhone.Build.0 = Release|Any CPU
		{51319146-3F89-497B-9E74-6BA759E29CA8}.Release|iPhoneSimulator.ActiveCfg = Release|Any CPU
		{51319146-3F89-497B-9E74-6BA759E29CA8}.Release|iPhoneSimulator.Build.0 = Release|Any CPU
		{C3906260-742C-4AB2-B3C3-7C48FEB560A4}.Debug|Any CPU.ActiveCfg = Debug|Any CPU
		{C3906260-742C-4AB2-B3C3-7C48FEB560A4}.Debug|Any CPU.Build.0 = Debug|Any CPU
		{C3906260-742C-4AB2-B3C3-7C48FEB560A4}.Debug|iPhone.ActiveCfg = Debug|Any CPU
		{C3906260-742C-4AB2-B3C3-7C48FEB560A4}.Debug|iPhone.Build.0 = Debug|Any CPU
		{C3906260-742C-4AB2-B3C3-7C48FEB560A4}.Debug|iPhoneSimulator.ActiveCfg = Debug|Any CPU
		{C3906260-742C-4AB2-B3C3-7C48FEB560A4}.Debug|iPhoneSimulator.Build.0 = Debug|Any CPU
		{C3906260-742C-4AB2-B3C3-7C48FEB560A4}.Release|Any CPU.ActiveCfg = Release|Any CPU
		{C3906260-742C-4AB2-B3C3-7C48FEB560A4}.Release|Any CPU.Build.0 = Release|Any CPU
		{C3906260-742C-4AB2-B3C3-7C48FEB560A4}.Release|iPhone.ActiveCfg = Release|Any CPU
		{C3906260-742C-4AB2-B3C3-7C48FEB560A4}.Release|iPhone.Build.0 = Release|Any CPU
		{C3906260-742C-4AB2-B3C3-7C48FEB560A4}.Release|iPhoneSimulator.ActiveCfg = Release|Any CPU
		{C3906260-742C-4AB2-B3C3-7C48FEB560A4}.Release|iPhoneSimulator.Build.0 = Release|Any CPU
		{708AD335-1E64-4B9B-AC5A-52DEA8FCF938}.Debug|Any CPU.ActiveCfg = Debug|Any CPU
		{708AD335-1E64-4B9B-AC5A-52DEA8FCF938}.Debug|Any CPU.Build.0 = Debug|Any CPU
		{708AD335-1E64-4B9B-AC5A-52DEA8FCF938}.Debug|iPhone.ActiveCfg = Debug|Any CPU
		{708AD335-1E64-4B9B-AC5A-52DEA8FCF938}.Debug|iPhone.Build.0 = Debug|Any CPU
		{708AD335-1E64-4B9B-AC5A-52DEA8FCF938}.Debug|iPhoneSimulator.ActiveCfg = Debug|Any CPU
		{708AD335-1E64-4B9B-AC5A-52DEA8FCF938}.Debug|iPhoneSimulator.Build.0 = Debug|Any CPU
		{708AD335-1E64-4B9B-AC5A-52DEA8FCF938}.Release|Any CPU.ActiveCfg = Release|Any CPU
		{708AD335-1E64-4B9B-AC5A-52DEA8FCF938}.Release|Any CPU.Build.0 = Release|Any CPU
		{708AD335-1E64-4B9B-AC5A-52DEA8FCF938}.Release|iPhone.ActiveCfg = Release|Any CPU
		{708AD335-1E64-4B9B-AC5A-52DEA8FCF938}.Release|iPhone.Build.0 = Release|Any CPU
		{708AD335-1E64-4B9B-AC5A-52DEA8FCF938}.Release|iPhoneSimulator.ActiveCfg = Release|Any CPU
		{708AD335-1E64-4B9B-AC5A-52DEA8FCF938}.Release|iPhoneSimulator.Build.0 = Release|Any CPU
		{72468BBC-5836-4C12-A350-6C063DD82771}.Debug|Any CPU.ActiveCfg = Debug|Any CPU
		{72468BBC-5836-4C12-A350-6C063DD82771}.Debug|Any CPU.Build.0 = Debug|Any CPU
		{72468BBC-5836-4C12-A350-6C063DD82771}.Debug|iPhone.ActiveCfg = Debug|Any CPU
		{72468BBC-5836-4C12-A350-6C063DD82771}.Debug|iPhone.Build.0 = Debug|Any CPU
		{72468BBC-5836-4C12-A350-6C063DD82771}.Debug|iPhoneSimulator.ActiveCfg = Debug|Any CPU
		{72468BBC-5836-4C12-A350-6C063DD82771}.Debug|iPhoneSimulator.Build.0 = Debug|Any CPU
		{72468BBC-5836-4C12-A350-6C063DD82771}.Release|Any CPU.ActiveCfg = Release|Any CPU
		{72468BBC-5836-4C12-A350-6C063DD82771}.Release|Any CPU.Build.0 = Release|Any CPU
		{72468BBC-5836-4C12-A350-6C063DD82771}.Release|iPhone.ActiveCfg = Release|Any CPU
		{72468BBC-5836-4C12-A350-6C063DD82771}.Release|iPhone.Build.0 = Release|Any CPU
		{72468BBC-5836-4C12-A350-6C063DD82771}.Release|iPhoneSimulator.ActiveCfg = Release|Any CPU
		{72468BBC-5836-4C12-A350-6C063DD82771}.Release|iPhoneSimulator.Build.0 = Release|Any CPU
		{D3F5EB3D-2708-4AB3-B6AF-303237EB4B28}.Debug|Any CPU.ActiveCfg = Debug|Any CPU
		{D3F5EB3D-2708-4AB3-B6AF-303237EB4B28}.Debug|Any CPU.Build.0 = Debug|Any CPU
		{D3F5EB3D-2708-4AB3-B6AF-303237EB4B28}.Debug|iPhone.ActiveCfg = Debug|Any CPU
		{D3F5EB3D-2708-4AB3-B6AF-303237EB4B28}.Debug|iPhone.Build.0 = Debug|Any CPU
		{D3F5EB3D-2708-4AB3-B6AF-303237EB4B28}.Debug|iPhoneSimulator.ActiveCfg = Debug|Any CPU
		{D3F5EB3D-2708-4AB3-B6AF-303237EB4B28}.Debug|iPhoneSimulator.Build.0 = Debug|Any CPU
		{D3F5EB3D-2708-4AB3-B6AF-303237EB4B28}.Release|Any CPU.ActiveCfg = Release|Any CPU
		{D3F5EB3D-2708-4AB3-B6AF-303237EB4B28}.Release|Any CPU.Build.0 = Release|Any CPU
		{D3F5EB3D-2708-4AB3-B6AF-303237EB4B28}.Release|iPhone.ActiveCfg = Release|Any CPU
		{D3F5EB3D-2708-4AB3-B6AF-303237EB4B28}.Release|iPhone.Build.0 = Release|Any CPU
		{D3F5EB3D-2708-4AB3-B6AF-303237EB4B28}.Release|iPhoneSimulator.ActiveCfg = Release|Any CPU
		{D3F5EB3D-2708-4AB3-B6AF-303237EB4B28}.Release|iPhoneSimulator.Build.0 = Release|Any CPU
		{E452E684-69AD-4873-9B2E-F5F59E36A150}.Debug|Any CPU.ActiveCfg = Debug|Any CPU
		{E452E684-69AD-4873-9B2E-F5F59E36A150}.Debug|Any CPU.Build.0 = Debug|Any CPU
		{E452E684-69AD-4873-9B2E-F5F59E36A150}.Debug|iPhone.ActiveCfg = Debug|Any CPU
		{E452E684-69AD-4873-9B2E-F5F59E36A150}.Debug|iPhone.Build.0 = Debug|Any CPU
		{E452E684-69AD-4873-9B2E-F5F59E36A150}.Debug|iPhoneSimulator.ActiveCfg = Debug|Any CPU
		{E452E684-69AD-4873-9B2E-F5F59E36A150}.Debug|iPhoneSimulator.Build.0 = Debug|Any CPU
		{E452E684-69AD-4873-9B2E-F5F59E36A150}.Release|Any CPU.ActiveCfg = Release|Any CPU
		{E452E684-69AD-4873-9B2E-F5F59E36A150}.Release|Any CPU.Build.0 = Release|Any CPU
		{E452E684-69AD-4873-9B2E-F5F59E36A150}.Release|iPhone.ActiveCfg = Release|Any CPU
		{E452E684-69AD-4873-9B2E-F5F59E36A150}.Release|iPhone.Build.0 = Release|Any CPU
		{E452E684-69AD-4873-9B2E-F5F59E36A150}.Release|iPhoneSimulator.ActiveCfg = Release|Any CPU
		{E452E684-69AD-4873-9B2E-F5F59E36A150}.Release|iPhoneSimulator.Build.0 = Release|Any CPU
		{67C9B264-5D64-4107-8D69-C27710E6B20F}.Debug|Any CPU.ActiveCfg = Debug|Any CPU
		{67C9B264-5D64-4107-8D69-C27710E6B20F}.Debug|Any CPU.Build.0 = Debug|Any CPU
		{67C9B264-5D64-4107-8D69-C27710E6B20F}.Debug|iPhone.ActiveCfg = Debug|Any CPU
		{67C9B264-5D64-4107-8D69-C27710E6B20F}.Debug|iPhone.Build.0 = Debug|Any CPU
		{67C9B264-5D64-4107-8D69-C27710E6B20F}.Debug|iPhoneSimulator.ActiveCfg = Debug|Any CPU
		{67C9B264-5D64-4107-8D69-C27710E6B20F}.Debug|iPhoneSimulator.Build.0 = Debug|Any CPU
		{67C9B264-5D64-4107-8D69-C27710E6B20F}.Release|Any CPU.ActiveCfg = Release|Any CPU
		{67C9B264-5D64-4107-8D69-C27710E6B20F}.Release|Any CPU.Build.0 = Release|Any CPU
		{67C9B264-5D64-4107-8D69-C27710E6B20F}.Release|iPhone.ActiveCfg = Release|Any CPU
		{67C9B264-5D64-4107-8D69-C27710E6B20F}.Release|iPhone.Build.0 = Release|Any CPU
		{67C9B264-5D64-4107-8D69-C27710E6B20F}.Release|iPhoneSimulator.ActiveCfg = Release|Any CPU
		{67C9B264-5D64-4107-8D69-C27710E6B20F}.Release|iPhoneSimulator.Build.0 = Release|Any CPU
		{4F61ED65-360E-474F-A94B-E22CFA22EFE9}.Debug|Any CPU.ActiveCfg = Debug|Any CPU
		{4F61ED65-360E-474F-A94B-E22CFA22EFE9}.Debug|Any CPU.Build.0 = Debug|Any CPU
		{4F61ED65-360E-474F-A94B-E22CFA22EFE9}.Debug|Any CPU.Deploy.0 = Debug|Any CPU
		{4F61ED65-360E-474F-A94B-E22CFA22EFE9}.Debug|iPhone.ActiveCfg = Debug|Any CPU
		{4F61ED65-360E-474F-A94B-E22CFA22EFE9}.Debug|iPhone.Build.0 = Debug|Any CPU
		{4F61ED65-360E-474F-A94B-E22CFA22EFE9}.Debug|iPhone.Deploy.0 = Debug|Any CPU
		{4F61ED65-360E-474F-A94B-E22CFA22EFE9}.Debug|iPhoneSimulator.ActiveCfg = Debug|Any CPU
		{4F61ED65-360E-474F-A94B-E22CFA22EFE9}.Debug|iPhoneSimulator.Build.0 = Debug|Any CPU
		{4F61ED65-360E-474F-A94B-E22CFA22EFE9}.Debug|iPhoneSimulator.Deploy.0 = Debug|Any CPU
		{4F61ED65-360E-474F-A94B-E22CFA22EFE9}.Release|Any CPU.ActiveCfg = Release|Any CPU
		{4F61ED65-360E-474F-A94B-E22CFA22EFE9}.Release|Any CPU.Build.0 = Release|Any CPU
		{4F61ED65-360E-474F-A94B-E22CFA22EFE9}.Release|Any CPU.Deploy.0 = Release|Any CPU
		{4F61ED65-360E-474F-A94B-E22CFA22EFE9}.Release|iPhone.ActiveCfg = Release|Any CPU
		{4F61ED65-360E-474F-A94B-E22CFA22EFE9}.Release|iPhone.Build.0 = Release|Any CPU
		{4F61ED65-360E-474F-A94B-E22CFA22EFE9}.Release|iPhone.Deploy.0 = Release|Any CPU
		{4F61ED65-360E-474F-A94B-E22CFA22EFE9}.Release|iPhoneSimulator.ActiveCfg = Release|Any CPU
		{4F61ED65-360E-474F-A94B-E22CFA22EFE9}.Release|iPhoneSimulator.Build.0 = Release|Any CPU
		{4F61ED65-360E-474F-A94B-E22CFA22EFE9}.Release|iPhoneSimulator.Deploy.0 = Release|Any CPU
		{9C7F7AE7-04BB-4A4E-8980-DFEA8F9CF787}.Debug|Any CPU.ActiveCfg = Debug|iPhone
		{9C7F7AE7-04BB-4A4E-8980-DFEA8F9CF787}.Debug|iPhone.ActiveCfg = Debug|iPhone
		{9C7F7AE7-04BB-4A4E-8980-DFEA8F9CF787}.Debug|iPhone.Build.0 = Debug|iPhone
		{9C7F7AE7-04BB-4A4E-8980-DFEA8F9CF787}.Debug|iPhoneSimulator.ActiveCfg = Debug|iPhoneSimulator
		{9C7F7AE7-04BB-4A4E-8980-DFEA8F9CF787}.Debug|iPhoneSimulator.Build.0 = Debug|iPhoneSimulator
		{9C7F7AE7-04BB-4A4E-8980-DFEA8F9CF787}.Release|Any CPU.ActiveCfg = Release|iPhone
		{9C7F7AE7-04BB-4A4E-8980-DFEA8F9CF787}.Release|iPhone.ActiveCfg = Release|iPhone
		{9C7F7AE7-04BB-4A4E-8980-DFEA8F9CF787}.Release|iPhone.Build.0 = Release|iPhone
		{9C7F7AE7-04BB-4A4E-8980-DFEA8F9CF787}.Release|iPhoneSimulator.ActiveCfg = Release|iPhoneSimulator
		{9C7F7AE7-04BB-4A4E-8980-DFEA8F9CF787}.Release|iPhoneSimulator.Build.0 = Release|iPhoneSimulator
		{9B25928C-1168-46A5-9535-A424DEE59805}.Debug|Any CPU.ActiveCfg = Debug|Any CPU
		{9B25928C-1168-46A5-9535-A424DEE59805}.Debug|Any CPU.Build.0 = Debug|Any CPU
		{9B25928C-1168-46A5-9535-A424DEE59805}.Debug|iPhone.ActiveCfg = Debug|Any CPU
		{9B25928C-1168-46A5-9535-A424DEE59805}.Debug|iPhone.Build.0 = Debug|Any CPU
		{9B25928C-1168-46A5-9535-A424DEE59805}.Debug|iPhoneSimulator.ActiveCfg = Debug|Any CPU
		{9B25928C-1168-46A5-9535-A424DEE59805}.Debug|iPhoneSimulator.Build.0 = Debug|Any CPU
		{9B25928C-1168-46A5-9535-A424DEE59805}.Release|Any CPU.ActiveCfg = Release|Any CPU
		{9B25928C-1168-46A5-9535-A424DEE59805}.Release|Any CPU.Build.0 = Release|Any CPU
		{9B25928C-1168-46A5-9535-A424DEE59805}.Release|iPhone.ActiveCfg = Release|Any CPU
		{9B25928C-1168-46A5-9535-A424DEE59805}.Release|iPhone.Build.0 = Release|Any CPU
		{9B25928C-1168-46A5-9535-A424DEE59805}.Release|iPhoneSimulator.ActiveCfg = Release|Any CPU
		{9B25928C-1168-46A5-9535-A424DEE59805}.Release|iPhoneSimulator.Build.0 = Release|Any CPU
		{2B9C2128-7E03-4B2C-B097-4FC0682D3184}.Debug|Any CPU.ActiveCfg = Debug|Any CPU
		{2B9C2128-7E03-4B2C-B097-4FC0682D3184}.Debug|Any CPU.Build.0 = Debug|Any CPU
		{2B9C2128-7E03-4B2C-B097-4FC0682D3184}.Debug|iPhone.ActiveCfg = Debug|Any CPU
		{2B9C2128-7E03-4B2C-B097-4FC0682D3184}.Debug|iPhone.Build.0 = Debug|Any CPU
		{2B9C2128-7E03-4B2C-B097-4FC0682D3184}.Debug|iPhoneSimulator.ActiveCfg = Debug|Any CPU
		{2B9C2128-7E03-4B2C-B097-4FC0682D3184}.Debug|iPhoneSimulator.Build.0 = Debug|Any CPU
		{2B9C2128-7E03-4B2C-B097-4FC0682D3184}.Release|Any CPU.ActiveCfg = Release|Any CPU
		{2B9C2128-7E03-4B2C-B097-4FC0682D3184}.Release|Any CPU.Build.0 = Release|Any CPU
		{2B9C2128-7E03-4B2C-B097-4FC0682D3184}.Release|iPhone.ActiveCfg = Release|Any CPU
		{2B9C2128-7E03-4B2C-B097-4FC0682D3184}.Release|iPhone.Build.0 = Release|Any CPU
		{2B9C2128-7E03-4B2C-B097-4FC0682D3184}.Release|iPhoneSimulator.ActiveCfg = Release|Any CPU
		{2B9C2128-7E03-4B2C-B097-4FC0682D3184}.Release|iPhoneSimulator.Build.0 = Release|Any CPU
		{5BBBFDA6-E3F8-4A63-A0AC-B0610542EA00}.Debug|Any CPU.ActiveCfg = Debug|Any CPU
		{5BBBFDA6-E3F8-4A63-A0AC-B0610542EA00}.Debug|Any CPU.Build.0 = Debug|Any CPU
		{5BBBFDA6-E3F8-4A63-A0AC-B0610542EA00}.Debug|iPhone.ActiveCfg = Debug|Any CPU
		{5BBBFDA6-E3F8-4A63-A0AC-B0610542EA00}.Debug|iPhone.Build.0 = Debug|Any CPU
		{5BBBFDA6-E3F8-4A63-A0AC-B0610542EA00}.Debug|iPhoneSimulator.ActiveCfg = Debug|Any CPU
		{5BBBFDA6-E3F8-4A63-A0AC-B0610542EA00}.Debug|iPhoneSimulator.Build.0 = Debug|Any CPU
		{5BBBFDA6-E3F8-4A63-A0AC-B0610542EA00}.Release|Any CPU.ActiveCfg = Release|Any CPU
		{5BBBFDA6-E3F8-4A63-A0AC-B0610542EA00}.Release|Any CPU.Build.0 = Release|Any CPU
		{5BBBFDA6-E3F8-4A63-A0AC-B0610542EA00}.Release|iPhone.ActiveCfg = Release|Any CPU
		{5BBBFDA6-E3F8-4A63-A0AC-B0610542EA00}.Release|iPhone.Build.0 = Release|Any CPU
		{5BBBFDA6-E3F8-4A63-A0AC-B0610542EA00}.Release|iPhoneSimulator.ActiveCfg = Release|Any CPU
		{5BBBFDA6-E3F8-4A63-A0AC-B0610542EA00}.Release|iPhoneSimulator.Build.0 = Release|Any CPU
		{93EC5C55-84BB-4FA4-8599-A6C85841E982}.Debug|Any CPU.ActiveCfg = Debug|Any CPU
		{93EC5C55-84BB-4FA4-8599-A6C85841E982}.Debug|Any CPU.Build.0 = Debug|Any CPU
		{93EC5C55-84BB-4FA4-8599-A6C85841E982}.Debug|iPhone.ActiveCfg = Debug|Any CPU
		{93EC5C55-84BB-4FA4-8599-A6C85841E982}.Debug|iPhone.Build.0 = Debug|Any CPU
		{93EC5C55-84BB-4FA4-8599-A6C85841E982}.Debug|iPhoneSimulator.ActiveCfg = Debug|Any CPU
		{93EC5C55-84BB-4FA4-8599-A6C85841E982}.Debug|iPhoneSimulator.Build.0 = Debug|Any CPU
		{93EC5C55-84BB-4FA4-8599-A6C85841E982}.Release|Any CPU.ActiveCfg = Release|Any CPU
		{93EC5C55-84BB-4FA4-8599-A6C85841E982}.Release|Any CPU.Build.0 = Release|Any CPU
		{93EC5C55-84BB-4FA4-8599-A6C85841E982}.Release|iPhone.ActiveCfg = Release|Any CPU
		{93EC5C55-84BB-4FA4-8599-A6C85841E982}.Release|iPhone.Build.0 = Release|Any CPU
		{93EC5C55-84BB-4FA4-8599-A6C85841E982}.Release|iPhoneSimulator.ActiveCfg = Release|Any CPU
		{93EC5C55-84BB-4FA4-8599-A6C85841E982}.Release|iPhoneSimulator.Build.0 = Release|Any CPU
		{E4D68A3B-E966-4ECE-A39F-834342826A75}.Debug|Any CPU.ActiveCfg = Debug|Any CPU
		{E4D68A3B-E966-4ECE-A39F-834342826A75}.Debug|Any CPU.Build.0 = Debug|Any CPU
		{E4D68A3B-E966-4ECE-A39F-834342826A75}.Debug|iPhone.ActiveCfg = Debug|Any CPU
		{E4D68A3B-E966-4ECE-A39F-834342826A75}.Debug|iPhone.Build.0 = Debug|Any CPU
		{E4D68A3B-E966-4ECE-A39F-834342826A75}.Debug|iPhoneSimulator.ActiveCfg = Debug|Any CPU
		{E4D68A3B-E966-4ECE-A39F-834342826A75}.Debug|iPhoneSimulator.Build.0 = Debug|Any CPU
		{E4D68A3B-E966-4ECE-A39F-834342826A75}.Release|Any CPU.ActiveCfg = Release|Any CPU
		{E4D68A3B-E966-4ECE-A39F-834342826A75}.Release|Any CPU.Build.0 = Release|Any CPU
		{E4D68A3B-E966-4ECE-A39F-834342826A75}.Release|iPhone.ActiveCfg = Release|Any CPU
		{E4D68A3B-E966-4ECE-A39F-834342826A75}.Release|iPhone.Build.0 = Release|Any CPU
		{E4D68A3B-E966-4ECE-A39F-834342826A75}.Release|iPhoneSimulator.ActiveCfg = Release|Any CPU
		{E4D68A3B-E966-4ECE-A39F-834342826A75}.Release|iPhoneSimulator.Build.0 = Release|Any CPU
		{FB3B337B-31A7-4C21-B8E2-ED9469B73ECC}.Debug|Any CPU.ActiveCfg = Debug|Any CPU
		{FB3B337B-31A7-4C21-B8E2-ED9469B73ECC}.Debug|Any CPU.Build.0 = Debug|Any CPU
		{FB3B337B-31A7-4C21-B8E2-ED9469B73ECC}.Debug|iPhone.ActiveCfg = Debug|Any CPU
		{FB3B337B-31A7-4C21-B8E2-ED9469B73ECC}.Debug|iPhone.Build.0 = Debug|Any CPU
		{FB3B337B-31A7-4C21-B8E2-ED9469B73ECC}.Debug|iPhoneSimulator.ActiveCfg = Debug|Any CPU
		{FB3B337B-31A7-4C21-B8E2-ED9469B73ECC}.Debug|iPhoneSimulator.Build.0 = Debug|Any CPU
		{FB3B337B-31A7-4C21-B8E2-ED9469B73ECC}.Release|Any CPU.ActiveCfg = Release|Any CPU
		{FB3B337B-31A7-4C21-B8E2-ED9469B73ECC}.Release|Any CPU.Build.0 = Release|Any CPU
		{FB3B337B-31A7-4C21-B8E2-ED9469B73ECC}.Release|iPhone.ActiveCfg = Release|Any CPU
		{FB3B337B-31A7-4C21-B8E2-ED9469B73ECC}.Release|iPhone.Build.0 = Release|Any CPU
		{FB3B337B-31A7-4C21-B8E2-ED9469B73ECC}.Release|iPhoneSimulator.ActiveCfg = Release|Any CPU
		{FB3B337B-31A7-4C21-B8E2-ED9469B73ECC}.Release|iPhoneSimulator.Build.0 = Release|Any CPU
		{C74EE696-624B-4625-85F0-D39505183030}.Debug|Any CPU.ActiveCfg = Debug|Any CPU
		{C74EE696-624B-4625-85F0-D39505183030}.Debug|Any CPU.Build.0 = Debug|Any CPU
		{C74EE696-624B-4625-85F0-D39505183030}.Debug|iPhone.ActiveCfg = Debug|Any CPU
		{C74EE696-624B-4625-85F0-D39505183030}.Debug|iPhone.Build.0 = Debug|Any CPU
		{C74EE696-624B-4625-85F0-D39505183030}.Debug|iPhoneSimulator.ActiveCfg = Debug|Any CPU
		{C74EE696-624B-4625-85F0-D39505183030}.Debug|iPhoneSimulator.Build.0 = Debug|Any CPU
		{C74EE696-624B-4625-85F0-D39505183030}.Release|Any CPU.ActiveCfg = Release|Any CPU
		{C74EE696-624B-4625-85F0-D39505183030}.Release|Any CPU.Build.0 = Release|Any CPU
		{C74EE696-624B-4625-85F0-D39505183030}.Release|iPhone.ActiveCfg = Release|Any CPU
		{C74EE696-624B-4625-85F0-D39505183030}.Release|iPhone.Build.0 = Release|Any CPU
		{C74EE696-624B-4625-85F0-D39505183030}.Release|iPhoneSimulator.ActiveCfg = Release|Any CPU
		{C74EE696-624B-4625-85F0-D39505183030}.Release|iPhoneSimulator.Build.0 = Release|Any CPU
		{8EDF4429-251A-416D-BB68-93F227191BCF}.Debug|Any CPU.ActiveCfg = Debug|Any CPU
		{8EDF4429-251A-416D-BB68-93F227191BCF}.Debug|Any CPU.Build.0 = Debug|Any CPU
		{8EDF4429-251A-416D-BB68-93F227191BCF}.Debug|iPhone.ActiveCfg = Debug|Any CPU
		{8EDF4429-251A-416D-BB68-93F227191BCF}.Debug|iPhone.Build.0 = Debug|Any CPU
		{8EDF4429-251A-416D-BB68-93F227191BCF}.Debug|iPhoneSimulator.ActiveCfg = Debug|Any CPU
		{8EDF4429-251A-416D-BB68-93F227191BCF}.Debug|iPhoneSimulator.Build.0 = Debug|Any CPU
		{8EDF4429-251A-416D-BB68-93F227191BCF}.Release|Any CPU.ActiveCfg = Release|Any CPU
		{8EDF4429-251A-416D-BB68-93F227191BCF}.Release|Any CPU.Build.0 = Release|Any CPU
		{8EDF4429-251A-416D-BB68-93F227191BCF}.Release|iPhone.ActiveCfg = Release|Any CPU
		{8EDF4429-251A-416D-BB68-93F227191BCF}.Release|iPhone.Build.0 = Release|Any CPU
		{8EDF4429-251A-416D-BB68-93F227191BCF}.Release|iPhoneSimulator.ActiveCfg = Release|Any CPU
		{8EDF4429-251A-416D-BB68-93F227191BCF}.Release|iPhoneSimulator.Build.0 = Release|Any CPU
		{32039B8F-BD9A-427D-9AD1-82A1EEE30585}.Debug|Any CPU.ActiveCfg = Debug|Any CPU
		{32039B8F-BD9A-427D-9AD1-82A1EEE30585}.Debug|Any CPU.Build.0 = Debug|Any CPU
		{32039B8F-BD9A-427D-9AD1-82A1EEE30585}.Debug|iPhone.ActiveCfg = Debug|Any CPU
		{32039B8F-BD9A-427D-9AD1-82A1EEE30585}.Debug|iPhone.Build.0 = Debug|Any CPU
		{32039B8F-BD9A-427D-9AD1-82A1EEE30585}.Debug|iPhoneSimulator.ActiveCfg = Debug|Any CPU
		{32039B8F-BD9A-427D-9AD1-82A1EEE30585}.Debug|iPhoneSimulator.Build.0 = Debug|Any CPU
		{32039B8F-BD9A-427D-9AD1-82A1EEE30585}.Release|Any CPU.ActiveCfg = Release|Any CPU
		{32039B8F-BD9A-427D-9AD1-82A1EEE30585}.Release|Any CPU.Build.0 = Release|Any CPU
		{32039B8F-BD9A-427D-9AD1-82A1EEE30585}.Release|iPhone.ActiveCfg = Release|Any CPU
		{32039B8F-BD9A-427D-9AD1-82A1EEE30585}.Release|iPhone.Build.0 = Release|Any CPU
		{32039B8F-BD9A-427D-9AD1-82A1EEE30585}.Release|iPhoneSimulator.ActiveCfg = Release|Any CPU
		{32039B8F-BD9A-427D-9AD1-82A1EEE30585}.Release|iPhoneSimulator.Build.0 = Release|Any CPU
		{FC5A5E07-E9C8-40E9-B443-53DBB98F7F57}.Debug|Any CPU.ActiveCfg = Debug|Any CPU
		{FC5A5E07-E9C8-40E9-B443-53DBB98F7F57}.Debug|Any CPU.Build.0 = Debug|Any CPU
		{FC5A5E07-E9C8-40E9-B443-53DBB98F7F57}.Debug|iPhone.ActiveCfg = Debug|Any CPU
		{FC5A5E07-E9C8-40E9-B443-53DBB98F7F57}.Debug|iPhone.Build.0 = Debug|Any CPU
		{FC5A5E07-E9C8-40E9-B443-53DBB98F7F57}.Debug|iPhoneSimulator.ActiveCfg = Debug|Any CPU
		{FC5A5E07-E9C8-40E9-B443-53DBB98F7F57}.Debug|iPhoneSimulator.Build.0 = Debug|Any CPU
		{FC5A5E07-E9C8-40E9-B443-53DBB98F7F57}.Release|Any CPU.ActiveCfg = Release|Any CPU
		{FC5A5E07-E9C8-40E9-B443-53DBB98F7F57}.Release|Any CPU.Build.0 = Release|Any CPU
		{FC5A5E07-E9C8-40E9-B443-53DBB98F7F57}.Release|iPhone.ActiveCfg = Release|Any CPU
		{FC5A5E07-E9C8-40E9-B443-53DBB98F7F57}.Release|iPhone.Build.0 = Release|Any CPU
		{FC5A5E07-E9C8-40E9-B443-53DBB98F7F57}.Release|iPhoneSimulator.ActiveCfg = Release|Any CPU
		{FC5A5E07-E9C8-40E9-B443-53DBB98F7F57}.Release|iPhoneSimulator.Build.0 = Release|Any CPU
		{4D3A94BC-0EBF-439F-83F7-642B144A30EB}.Debug|Any CPU.ActiveCfg = Debug|Any CPU
		{4D3A94BC-0EBF-439F-83F7-642B144A30EB}.Debug|Any CPU.Build.0 = Debug|Any CPU
		{4D3A94BC-0EBF-439F-83F7-642B144A30EB}.Debug|iPhone.ActiveCfg = Debug|Any CPU
		{4D3A94BC-0EBF-439F-83F7-642B144A30EB}.Debug|iPhone.Build.0 = Debug|Any CPU
		{4D3A94BC-0EBF-439F-83F7-642B144A30EB}.Debug|iPhoneSimulator.ActiveCfg = Debug|Any CPU
		{4D3A94BC-0EBF-439F-83F7-642B144A30EB}.Debug|iPhoneSimulator.Build.0 = Debug|Any CPU
		{4D3A94BC-0EBF-439F-83F7-642B144A30EB}.Release|Any CPU.ActiveCfg = Release|Any CPU
		{4D3A94BC-0EBF-439F-83F7-642B144A30EB}.Release|Any CPU.Build.0 = Release|Any CPU
		{4D3A94BC-0EBF-439F-83F7-642B144A30EB}.Release|iPhone.ActiveCfg = Release|Any CPU
		{4D3A94BC-0EBF-439F-83F7-642B144A30EB}.Release|iPhone.Build.0 = Release|Any CPU
		{4D3A94BC-0EBF-439F-83F7-642B144A30EB}.Release|iPhoneSimulator.ActiveCfg = Release|Any CPU
		{4D3A94BC-0EBF-439F-83F7-642B144A30EB}.Release|iPhoneSimulator.Build.0 = Release|Any CPU
	EndGlobalSection
	GlobalSection(SolutionProperties) = preSolution
		HideSolutionNode = FALSE
	EndGlobalSection
	GlobalSection(NestedProjects) = preSolution
		{12509514-B1D0-4F24-B975-ABDF3F3BB2BE} = {32920DB2-134A-42D7-92AC-62879B219FA7}
		{A5BAE9D1-4259-43DA-B80F-4A5961A94753} = {32920DB2-134A-42D7-92AC-62879B219FA7}
		{DBC53DAC-7EE6-452E-8105-8EF249E30BBD} = {32920DB2-134A-42D7-92AC-62879B219FA7}
		{6A121630-169D-4AD8-A8C8-DD24A002836B} = {32920DB2-134A-42D7-92AC-62879B219FA7}
		{8A435DBD-ECA4-4592-8EC5-2AA78D7D2655} = {32920DB2-134A-42D7-92AC-62879B219FA7}
		{7C2993E6-A899-4145-8D4E-AC981CDBB942} = {32920DB2-134A-42D7-92AC-62879B219FA7}
		{EC8C5566-9935-493A-951D-7AED0DF0C80B} = {32920DB2-134A-42D7-92AC-62879B219FA7}
		{9D99BDAA-4EB1-47B2-A470-2AE691135059} = {32920DB2-134A-42D7-92AC-62879B219FA7}
		{7485B284-E289-4AF0-BA87-692CAC1E92E7} = {8A435DBD-ECA4-4592-8EC5-2AA78D7D2655}
		{A8F3516A-A7CA-4359-BB9D-FD9D8D96A5D3} = {8A435DBD-ECA4-4592-8EC5-2AA78D7D2655}
		{CF74E71C-DB63-4FFF-9F7F-0E6D456C338E} = {8A435DBD-ECA4-4592-8EC5-2AA78D7D2655}
		{87E8BD44-7CE9-4943-8362-20EFAC7D6091} = {8A435DBD-ECA4-4592-8EC5-2AA78D7D2655}
		{51319146-3F89-497B-9E74-6BA759E29CA8} = {32920DB2-134A-42D7-92AC-62879B219FA7}
		{C3906260-742C-4AB2-B3C3-7C48FEB560A4} = {32920DB2-134A-42D7-92AC-62879B219FA7}
		{5E9D9D36-A077-4F91-AA2B-68FA0156C56D} = {D8D065AF-073F-4814-9290-03FF8EF7CF8A}
		{7996F428-0563-406F-A512-3154BE0860CF} = {D8D065AF-073F-4814-9290-03FF8EF7CF8A}
		{87FABE1F-EAD7-45C4-B123-69CDB72D372F} = {5E9D9D36-A077-4F91-AA2B-68FA0156C56D}
		{708AD335-1E64-4B9B-AC5A-52DEA8FCF938} = {87FABE1F-EAD7-45C4-B123-69CDB72D372F}
		{72468BBC-5836-4C12-A350-6C063DD82771} = {87FABE1F-EAD7-45C4-B123-69CDB72D372F}
		{E4863922-1445-4847-8F9E-337A5B8A93C2} = {87FABE1F-EAD7-45C4-B123-69CDB72D372F}
		{5574FD84-69FE-4FEF-9F4A-A40010E047EF} = {E89DBC1A-6347-4F54-82B4-DEAE610B9886}
		{D3F5EB3D-2708-4AB3-B6AF-303237EB4B28} = {5574FD84-69FE-4FEF-9F4A-A40010E047EF}
		{ACAE713E-DCAC-42E6-8CD2-7FFF5F00F5E9} = {5E9D9D36-A077-4F91-AA2B-68FA0156C56D}
		{E452E684-69AD-4873-9B2E-F5F59E36A150} = {ACAE713E-DCAC-42E6-8CD2-7FFF5F00F5E9}
		{67C9B264-5D64-4107-8D69-C27710E6B20F} = {ACAE713E-DCAC-42E6-8CD2-7FFF5F00F5E9}
		{AD1D126C-2368-43B1-B3B9-DCFBCD563AEF} = {ACAE713E-DCAC-42E6-8CD2-7FFF5F00F5E9}
		{28FE0DFF-8E01-4E44-A756-A307FDA8D77B} = {5574FD84-69FE-4FEF-9F4A-A40010E047EF}
		{98722963-7276-488A-A586-C48D53791189} = {BE9AA0D8-0DB8-4FC2-B6CA-7F988C76DDFA}
		{4F61ED65-360E-474F-A94B-E22CFA22EFE9} = {98722963-7276-488A-A586-C48D53791189}
		{9C7F7AE7-04BB-4A4E-8980-DFEA8F9CF787} = {98722963-7276-488A-A586-C48D53791189}
		{D6093D6C-C701-4FD1-A44B-03DE5BB926E9} = {E89DBC1A-6347-4F54-82B4-DEAE610B9886}
		{9B25928C-1168-46A5-9535-A424DEE59805} = {D6093D6C-C701-4FD1-A44B-03DE5BB926E9}
		{2B9C2128-7E03-4B2C-B097-4FC0682D3184} = {D6093D6C-C701-4FD1-A44B-03DE5BB926E9}
		{5BBBFDA6-E3F8-4A63-A0AC-B0610542EA00} = {D6093D6C-C701-4FD1-A44B-03DE5BB926E9}
		{68F3D364-81BE-41E5-9C49-64D01C3C0EA1} = {D6093D6C-C701-4FD1-A44B-03DE5BB926E9}
		{22ADCAC5-E1F7-4107-B973-166A840C406D} = {98722963-7276-488A-A586-C48D53791189}
		{96707C27-5BF5-4EE7-B76C-19B2C5CAA2C4} = {E89DBC1A-6347-4F54-82B4-DEAE610B9886}
		{EB52C8C9-1F25-4AB5-80DC-9CBDAB5FD8A2} = {96707C27-5BF5-4EE7-B76C-19B2C5CAA2C4}
		{93EC5C55-84BB-4FA4-8599-A6C85841E982} = {96707C27-5BF5-4EE7-B76C-19B2C5CAA2C4}
		{E4D68A3B-E966-4ECE-A39F-834342826A75} = {96707C27-5BF5-4EE7-B76C-19B2C5CAA2C4}
		{FB3B337B-31A7-4C21-B8E2-ED9469B73ECC} = {96707C27-5BF5-4EE7-B76C-19B2C5CAA2C4}
		{7D82006B-F031-4FDE-B211-9F0B9E59F865} = {7996F428-0563-406F-A512-3154BE0860CF}
		{C74EE696-624B-4625-85F0-D39505183030} = {7D82006B-F031-4FDE-B211-9F0B9E59F865}
		{7A2FCC84-7510-4E92-B862-0EF78B80A5B0} = {7D82006B-F031-4FDE-B211-9F0B9E59F865}
		{B8CAE8E5-5727-4DA4-8442-422BBCCFF58B} = {32920DB2-134A-42D7-92AC-62879B219FA7}
		{8EDF4429-251A-416D-BB68-93F227191BCF} = {B8CAE8E5-5727-4DA4-8442-422BBCCFF58B}
		{32039B8F-BD9A-427D-9AD1-82A1EEE30585} = {B8CAE8E5-5727-4DA4-8442-422BBCCFF58B}
		{B8A92E17-5E2C-4D5A-A1EE-CF5E0FBFD640} = {B8CAE8E5-5727-4DA4-8442-422BBCCFF58B}
		{77F4BA8D-AD10-4C4F-B4C6-8FA437956563} = {E89DBC1A-6347-4F54-82B4-DEAE610B9886}
		{FC5A5E07-E9C8-40E9-B443-53DBB98F7F57} = {77F4BA8D-AD10-4C4F-B4C6-8FA437956563}
		{4D3A94BC-0EBF-439F-83F7-642B144A30EB} = {77F4BA8D-AD10-4C4F-B4C6-8FA437956563}
	EndGlobalSection
EndGlobal
