
Microsoft Visual Studio Solution File, Format Version 12.00
# Visual Studio 15
VisualStudioVersion = 15.0.26430.14
MinimumVisualStudioVersion = 10.0.40219.1
Project("{2150E333-8FDC-42A3-9474-1A3956D46DE8}") = "CSharp", "CSharp", "{32920DB2-134A-42D7-92AC-62879B219FA7}"
EndProject
Project("{2150E333-8FDC-42A3-9474-1A3956D46DE8}") = "DeskTop", "DeskTop", "{E89DBC1A-6347-4F54-82B4-DEAE610B9886}"
EndProject
Project("{2150E333-8FDC-42A3-9474-1A3956D46DE8}") = "Web", "Web", "{D8D065AF-073F-4814-9290-03FF8EF7CF8A}"
EndProject
Project("{2150E333-8FDC-42A3-9474-1A3956D46DE8}") = "Other", "Other", "{BE9AA0D8-0DB8-4FC2-B6CA-7F988C76DDFA}"
EndProject
Project("{FAE04EC0-301F-11D3-BF4B-00C04F79EFBC}") = "ConsoleLogin", "CSharp\ConsoleLogin\ConsoleLogin.csproj", "{12509514-B1D0-4F24-B975-ABDF3F3BB2BE}"
EndProject
Project("{FAE04EC0-301F-11D3-BF4B-00C04F79EFBC}") = "ConsoleGobang", "CSharp\ConsoleGobang\ConsoleGobang.csproj", "{A5BAE9D1-4259-43DA-B80F-4A5961A94753}"
EndProject
Project("{FAE04EC0-301F-11D3-BF4B-00C04F79EFBC}") = "ConsoleGreedySnake", "CSharp\ConsoleGreedySnake\ConsoleGreedySnake.csproj", "{DBC53DAC-7EE6-452E-8105-8EF249E30BBD}"
EndProject
Project("{FAE04EC0-301F-11D3-BF4B-00C04F79EFBC}") = "ConsolePiano", "CSharp\ConsolePiano\ConsolePiano.csproj", "{6A121630-169D-4AD8-A8C8-DD24A002836B}"
EndProject
Project("{2150E333-8FDC-42A3-9474-1A3956D46DE8}") = "聊天程序", "聊天程序", "{8A435DBD-ECA4-4592-8EC5-2AA78D7D2655}"
EndProject
Project("{FAE04EC0-301F-11D3-BF4B-00C04F79EFBC}") = "ConsoleCodeCount", "CSharp\ConsoleFileQuery\ConsoleCodeCount.csproj", "{7C2993E6-A899-4145-8D4E-AC981CDBB942}"
EndProject
Project("{FAE04EC0-301F-11D3-BF4B-00C04F79EFBC}") = "ConsoleVCardManagement", "CSharp\ConsoleVCard\ConsoleVCardManagement.csproj", "{EC8C5566-9935-493A-951D-7AED0DF0C80B}"
EndProject
Project("{FAE04EC0-301F-11D3-BF4B-00C04F79EFBC}") = "ConsoleVendingMachine", "CSharp\ConsoleVendingMachine\ConsoleVendingMachine.csproj", "{9D99BDAA-4EB1-47B2-A470-2AE691135059}"
EndProject
Project("{FAE04EC0-301F-11D3-BF4B-00C04F79EFBC}") = "Client", "CSharp\聊天程序\Client\Client.csproj", "{7485B284-E289-4AF0-BA87-692CAC1E92E7}"
EndProject
Project("{FAE04EC0-301F-11D3-BF4B-00C04F79EFBC}") = "Server", "CSharp\聊天程序\Server\Server.csproj", "{A8F3516A-A7CA-4359-BB9D-FD9D8D96A5D3}"
EndProject
Project("{FAE04EC0-301F-11D3-BF4B-00C04F79EFBC}") = "Common", "CSharp\聊天程序\Common\Common.csproj", "{CF74E71C-DB63-4FFF-9F7F-0E6D456C338E}"
EndProject
Project("{2150E333-8FDC-42A3-9474-1A3956D46DE8}") = "文档", "文档", "{87E8BD44-7CE9-4943-8362-20EFAC7D6091}"
	ProjectSection(SolutionItems) = preProject
		CSharp\聊天程序\文档\案例说明.txt = CSharp\聊天程序\文档\案例说明.txt
	EndProjectSection
EndProject
Global
	GlobalSection(SolutionConfigurationPlatforms) = preSolution
		Debug|Any CPU = Debug|Any CPU
		Release|Any CPU = Release|Any CPU
	EndGlobalSection
	GlobalSection(ProjectConfigurationPlatforms) = postSolution
		{12509514-B1D0-4F24-B975-ABDF3F3BB2BE}.Debug|Any CPU.ActiveCfg = Debug|Any CPU
		{12509514-B1D0-4F24-B975-ABDF3F3BB2BE}.Debug|Any CPU.Build.0 = Debug|Any CPU
		{12509514-B1D0-4F24-B975-ABDF3F3BB2BE}.Release|Any CPU.ActiveCfg = Release|Any CPU
		{12509514-B1D0-4F24-B975-ABDF3F3BB2BE}.Release|Any CPU.Build.0 = Release|Any CPU
		{A5BAE9D1-4259-43DA-B80F-4A5961A94753}.Debug|Any CPU.ActiveCfg = Debug|Any CPU
		{A5BAE9D1-4259-43DA-B80F-4A5961A94753}.Debug|Any CPU.Build.0 = Debug|Any CPU
		{A5BAE9D1-4259-43DA-B80F-4A5961A94753}.Release|Any CPU.ActiveCfg = Release|Any CPU
		{A5BAE9D1-4259-43DA-B80F-4A5961A94753}.Release|Any CPU.Build.0 = Release|Any CPU
		{DBC53DAC-7EE6-452E-8105-8EF249E30BBD}.Debug|Any CPU.ActiveCfg = Debug|Any CPU
		{DBC53DAC-7EE6-452E-8105-8EF249E30BBD}.Debug|Any CPU.Build.0 = Debug|Any CPU
		{DBC53DAC-7EE6-452E-8105-8EF249E30BBD}.Release|Any CPU.ActiveCfg = Release|Any CPU
		{DBC53DAC-7EE6-452E-8105-8EF249E30BBD}.Release|Any CPU.Build.0 = Release|Any CPU
		{6A121630-169D-4AD8-A8C8-DD24A002836B}.Debug|Any CPU.ActiveCfg = Debug|Any CPU
		{6A121630-169D-4AD8-A8C8-DD24A002836B}.Debug|Any CPU.Build.0 = Debug|Any CPU
		{6A121630-169D-4AD8-A8C8-DD24A002836B}.Release|Any CPU.ActiveCfg = Release|Any CPU
		{6A121630-169D-4AD8-A8C8-DD24A002836B}.Release|Any CPU.Build.0 = Release|Any CPU
		{7C2993E6-A899-4145-8D4E-AC981CDBB942}.Debug|Any CPU.ActiveCfg = Debug|Any CPU
		{7C2993E6-A899-4145-8D4E-AC981CDBB942}.Debug|Any CPU.Build.0 = Debug|Any CPU
		{7C2993E6-A899-4145-8D4E-AC981CDBB942}.Release|Any CPU.ActiveCfg = Release|Any CPU
		{7C2993E6-A899-4145-8D4E-AC981CDBB942}.Release|Any CPU.Build.0 = Release|Any CPU
		{EC8C5566-9935-493A-951D-7AED0DF0C80B}.Debug|Any CPU.ActiveCfg = Debug|Any CPU
		{EC8C5566-9935-493A-951D-7AED0DF0C80B}.Debug|Any CPU.Build.0 = Debug|Any CPU
		{EC8C5566-9935-493A-951D-7AED0DF0C80B}.Release|Any CPU.ActiveCfg = Release|Any CPU
		{EC8C5566-9935-493A-951D-7AED0DF0C80B}.Release|Any CPU.Build.0 = Release|Any CPU
		{9D99BDAA-4EB1-47B2-A470-2AE691135059}.Debug|Any CPU.ActiveCfg = Debug|Any CPU
		{9D99BDAA-4EB1-47B2-A470-2AE691135059}.Debug|Any CPU.Build.0 = Debug|Any CPU
		{9D99BDAA-4EB1-47B2-A470-2AE691135059}.Release|Any CPU.ActiveCfg = Release|Any CPU
		{9D99BDAA-4EB1-47B2-A470-2AE691135059}.Release|Any CPU.Build.0 = Release|Any CPU
		{7485B284-E289-4AF0-BA87-692CAC1E92E7}.Debug|Any CPU.ActiveCfg = Debug|Any CPU
		{7485B284-E289-4AF0-BA87-692CAC1E92E7}.Debug|Any CPU.Build.0 = Debug|Any CPU
		{7485B284-E289-4AF0-BA87-692CAC1E92E7}.Release|Any CPU.ActiveCfg = Release|Any CPU
		{7485B284-E289-4AF0-BA87-692CAC1E92E7}.Release|Any CPU.Build.0 = Release|Any CPU
		{A8F3516A-A7CA-4359-BB9D-FD9D8D96A5D3}.Debug|Any CPU.ActiveCfg = Debug|Any CPU
		{A8F3516A-A7CA-4359-BB9D-FD9D8D96A5D3}.Debug|Any CPU.Build.0 = Debug|Any CPU
		{A8F3516A-A7CA-4359-BB9D-FD9D8D96A5D3}.Release|Any CPU.ActiveCfg = Release|Any CPU
		{A8F3516A-A7CA-4359-BB9D-FD9D8D96A5D3}.Release|Any CPU.Build.0 = Release|Any CPU
		{CF74E71C-DB63-4FFF-9F7F-0E6D456C338E}.Debug|Any CPU.ActiveCfg = Debug|Any CPU
		{CF74E71C-DB63-4FFF-9F7F-0E6D456C338E}.Debug|Any CPU.Build.0 = Debug|Any CPU
		{CF74E71C-DB63-4FFF-9F7F-0E6D456C338E}.Release|Any CPU.ActiveCfg = Release|Any CPU
		{CF74E71C-DB63-4FFF-9F7F-0E6D456C338E}.Release|Any CPU.Build.0 = Release|Any CPU
	EndGlobalSection
	GlobalSection(SolutionProperties) = preSolution
		HideSolutionNode = FALSE
	EndGlobalSection
	GlobalSection(NestedProjects) = preSolution
		{12509514-B1D0-4F24-B975-ABDF3F3BB2BE} = {32920DB2-134A-42D7-92AC-62879B219FA7}
		{A5BAE9D1-4259-43DA-B80F-4A5961A94753} = {32920DB2-134A-42D7-92AC-62879B219FA7}
		{DBC53DAC-7EE6-452E-8105-8EF249E30BBD} = {32920DB2-134A-42D7-92AC-62879B219FA7}
		{6A121630-169D-4AD8-A8C8-DD24A002836B} = {32920DB2-134A-42D7-92AC-62879B219FA7}
		{8A435DBD-ECA4-4592-8EC5-2AA78D7D2655} = {32920DB2-134A-42D7-92AC-62879B219FA7}
		{7C2993E6-A899-4145-8D4E-AC981CDBB942} = {32920DB2-134A-42D7-92AC-62879B219FA7}
		{EC8C5566-9935-493A-951D-7AED0DF0C80B} = {32920DB2-134A-42D7-92AC-62879B219FA7}
		{9D99BDAA-4EB1-47B2-A470-2AE691135059} = {32920DB2-134A-42D7-92AC-62879B219FA7}
		{7485B284-E289-4AF0-BA87-692CAC1E92E7} = {8A435DBD-ECA4-4592-8EC5-2AA78D7D2655}
		{A8F3516A-A7CA-4359-BB9D-FD9D8D96A5D3} = {8A435DBD-ECA4-4592-8EC5-2AA78D7D2655}
		{CF74E71C-DB63-4FFF-9F7F-0E6D456C338E} = {8A435DBD-ECA4-4592-8EC5-2AA78D7D2655}
		{87E8BD44-7CE9-4943-8362-20EFAC7D6091} = {8A435DBD-ECA4-4592-8EC5-2AA78D7D2655}
	EndGlobalSection
EndGlobal
